
Microsoft Visual Studio Solution File, Format Version 12.00
# Visual Studio Version 16
VisualStudioVersion = 16.0.31424.327
MinimumVisualStudioVersion = 10.0.40219.1
Project("{9A19103F-16F7-4668-BE54-9A1E7A4F7556}") = "CodeFactoryCore", "CodeFactoryCore.csproj", "{667D1559-37B1-46EE-9966-681CDD18B488}"
EndProject
Global
	GlobalSection(SolutionConfigurationPlatforms) = preSolution
		Debug|Any CPU = Debug|Any CPU
		Release|Any CPU = Release|Any CPU
	EndGlobalSection
	GlobalSection(ProjectConfigurationPlatforms) = postSolution
		{667D1559-37B1-46EE-9966-681CDD18B488}.Debug|Any CPU.ActiveCfg = Debug|Any CPU
		{667D1559-37B1-46EE-9966-681CDD18B488}.Debug|Any CPU.Build.0 = Debug|Any CPU
		{667D1559-37B1-46EE-9966-681CDD18B488}.Release|Any CPU.ActiveCfg = Release|Any CPU
		{667D1559-37B1-46EE-9966-681CDD18B488}.Release|Any CPU.Build.0 = Release|Any CPU
	EndGlobalSection
	GlobalSection(SolutionProperties) = preSolution
		HideSolutionNode = FALSE
	EndGlobalSection
	GlobalSection(ExtensibilityGlobals) = postSolution
		SolutionGuid = {97607426-E442-4DE4-BB71-583836C52C62}
	EndGlobalSection
EndGlobal
